
Microsoft Visual Studio Solution File, Format Version 12.00
# Visual Studio 15
VisualStudioVersion = 15.0.27130.2010
MinimumVisualStudioVersion = 10.0.40219.1
Project("{8BC9CEB8-8B4A-11D0-8D11-00A0C91BC942}") = "CST126SRS02", "CST126SRS02\CST126SRS02.vcxproj", "{C7FA40D7-E936-4589-A717-06DC3D89A0C3}"
EndProject
Project("{2150E333-8FDC-42A3-9474-1A3956D46DE8}") = "Solution Items", "Solution Items", "{3DA24508-E3E8-4C35-9E01-05C71387B082}"
	ProjectSection(SolutionItems) = preProject
		README.md = README.md
	EndProjectSection
EndProject
Global
	GlobalSection(SolutionConfigurationPlatforms) = preSolution
		Debug|x64 = Debug|x64
		Debug|x86 = Debug|x86
		Release|x64 = Release|x64
		Release|x86 = Release|x86
	EndGlobalSection
	GlobalSection(ProjectConfigurationPlatforms) = postSolution
		{C7FA40D7-E936-4589-A717-06DC3D89A0C3}.Debug|x64.ActiveCfg = Debug|x64
		{C7FA40D7-E936-4589-A717-06DC3D89A0C3}.Debug|x64.Build.0 = Debug|x64
		{C7FA40D7-E936-4589-A717-06DC3D89A0C3}.Debug|x86.ActiveCfg = Debug|Win32
		{C7FA40D7-E936-4589-A717-06DC3D89A0C3}.Debug|x86.Build.0 = Debug|Win32
		{C7FA40D7-E936-4589-A717-06DC3D89A0C3}.Release|x64.ActiveCfg = Release|x64
		{C7FA40D7-E936-4589-A717-06DC3D89A0C3}.Release|x64.Build.0 = Release|x64
		{C7FA40D7-E936-4589-A717-06DC3D89A0C3}.Release|x86.ActiveCfg = Release|Win32
		{C7FA40D7-E936-4589-A717-06DC3D89A0C3}.Release|x86.Build.0 = Release|Win32
	EndGlobalSection
	GlobalSection(SolutionProperties) = preSolution
		HideSolutionNode = FALSE
	EndGlobalSection
	GlobalSection(ExtensibilityGlobals) = postSolution
		SolutionGuid = {FCF0BB88-B1DD-409F-8000-6AA2363AA885}
	EndGlobalSection
EndGlobal
