
Microsoft Visual Studio Solution File, Format Version 12.00
# Visual Studio 15
VisualStudioVersion = 15.0.27130.2020
MinimumVisualStudioVersion = 10.0.40219.1
Project("{8BC9CEB8-8B4A-11D0-8D11-00A0C91BC942}") = "CST126SRS02", "CST126SRS02\CST126SRS02.vcxproj", "{70694064-5BD9-40EA-B7FC-7517AB619257}"
EndProject
Project("{2150E333-8FDC-42A3-9474-1A3956D46DE8}") = "Solution Items", "Solution Items", "{74ED4DDA-9A5E-479D-8496-0851D4BE081A}"
	ProjectSection(SolutionItems) = preProject
		README.md = README.md
	EndProjectSection
EndProject
Global
	GlobalSection(SolutionConfigurationPlatforms) = preSolution
		Debug|x64 = Debug|x64
		Debug|x86 = Debug|x86
		Release|x64 = Release|x64
		Release|x86 = Release|x86
	EndGlobalSection
	GlobalSection(ProjectConfigurationPlatforms) = postSolution
		{70694064-5BD9-40EA-B7FC-7517AB619257}.Debug|x64.ActiveCfg = Debug|x64
		{70694064-5BD9-40EA-B7FC-7517AB619257}.Debug|x64.Build.0 = Debug|x64
		{70694064-5BD9-40EA-B7FC-7517AB619257}.Debug|x86.ActiveCfg = Debug|Win32
		{70694064-5BD9-40EA-B7FC-7517AB619257}.Debug|x86.Build.0 = Debug|Win32
		{70694064-5BD9-40EA-B7FC-7517AB619257}.Release|x64.ActiveCfg = Release|x64
		{70694064-5BD9-40EA-B7FC-7517AB619257}.Release|x64.Build.0 = Release|x64
		{70694064-5BD9-40EA-B7FC-7517AB619257}.Release|x86.ActiveCfg = Release|Win32
		{70694064-5BD9-40EA-B7FC-7517AB619257}.Release|x86.Build.0 = Release|Win32
	EndGlobalSection
	GlobalSection(SolutionProperties) = preSolution
		HideSolutionNode = FALSE
	EndGlobalSection
	GlobalSection(ExtensibilityGlobals) = postSolution
		SolutionGuid = {FBB44F74-7C21-4AAC-A520-08C68317643D}
	EndGlobalSection
EndGlobal
